// !$*UTF8*$!
{
	archiveVersion = 1;
	classes = {
	};
	objectVersion = 50;
	objects = {

/* Begin PBXBuildFile section */
		392370AF2192214000E54F09 /* FoldersTableViewController.swift in Sources */ = {isa = PBXBuildFile; fileRef = 392370AE2192214000E54F09 /* FoldersTableViewController.swift */; };
		3944B4C32191EBE700341788 /* AppDelegate.swift in Sources */ = {isa = PBXBuildFile; fileRef = 3944B4C22191EBE700341788 /* AppDelegate.swift */; };
		3944B4C82191EBE700341788 /* Main.storyboard in Resources */ = {isa = PBXBuildFile; fileRef = 3944B4C62191EBE700341788 /* Main.storyboard */; };
		3944B4CB2191EBE700341788 /* LocationNotes.xcdatamodeld in Sources */ = {isa = PBXBuildFile; fileRef = 3944B4C92191EBE700341788 /* LocationNotes.xcdatamodeld */; };
		3944B4CD2191EBE800341788 /* Assets.xcassets in Resources */ = {isa = PBXBuildFile; fileRef = 3944B4CC2191EBE800341788 /* Assets.xcassets */; };
		3944B4D02191EBE800341788 /* LaunchScreen.storyboard in Resources */ = {isa = PBXBuildFile; fileRef = 3944B4CE2191EBE800341788 /* LaunchScreen.storyboard */; };
		3944B5312191F1DA00341788 /* Location+CoreDataClass.swift in Sources */ = {isa = PBXBuildFile; fileRef = 3944B5292191F1DA00341788 /* Location+CoreDataClass.swift */; };
		3944B5322191F1DA00341788 /* Location+CoreDataProperties.swift in Sources */ = {isa = PBXBuildFile; fileRef = 3944B52A2191F1DA00341788 /* Location+CoreDataProperties.swift */; };
		3944B5332191F1DA00341788 /* Folder+CoreDataClass.swift in Sources */ = {isa = PBXBuildFile; fileRef = 3944B52B2191F1DA00341788 /* Folder+CoreDataClass.swift */; };
		3944B5342191F1DA00341788 /* Folder+CoreDataProperties.swift in Sources */ = {isa = PBXBuildFile; fileRef = 3944B52C2191F1DA00341788 /* Folder+CoreDataProperties.swift */; };
		3944B5352191F1DA00341788 /* ImageNote+CoreDataClass.swift in Sources */ = {isa = PBXBuildFile; fileRef = 3944B52D2191F1DA00341788 /* ImageNote+CoreDataClass.swift */; };
		3944B5362191F1DA00341788 /* ImageNote+CoreDataProperties.swift in Sources */ = {isa = PBXBuildFile; fileRef = 3944B52E2191F1DA00341788 /* ImageNote+CoreDataProperties.swift */; };
		3944B5372191F1DA00341788 /* Note+CoreDataClass.swift in Sources */ = {isa = PBXBuildFile; fileRef = 3944B52F2191F1DA00341788 /* Note+CoreDataClass.swift */; };
		3944B5382191F1DA00341788 /* Note+CoreDataProperties.swift in Sources */ = {isa = PBXBuildFile; fileRef = 3944B5302191F1DA00341788 /* Note+CoreDataProperties.swift */; };
		3944B53B2191F24000341788 /* CoreDataManager.swift in Sources */ = {isa = PBXBuildFile; fileRef = 3944B53A2191F24000341788 /* CoreDataManager.swift */; };
		39943051219855DE00260F49 /* SelectFolderTableViewController.swift in Sources */ = {isa = PBXBuildFile; fileRef = 39943050219855DE00260F49 /* SelectFolderTableViewController.swift */; };
		39BC02D32199D755000D471C /* MapViewController.swift in Sources */ = {isa = PBXBuildFile; fileRef = 39BC02D22199D755000D471C /* MapViewController.swift */; };
		39D76590219B00FF003BA939 /* Localizable.strings in Resources */ = {isa = PBXBuildFile; fileRef = 39D7658E219B00FF003BA939 /* Localizable.strings */; };
		39D76592219B01F3003BA939 /* LocalizationManager.swift in Sources */ = {isa = PBXBuildFile; fileRef = 39D76591219B01F3003BA939 /* LocalizationManager.swift */; };
		39D76597219B079C003BA939 /* InfoPlist.strings in Resources */ = {isa = PBXBuildFile; fileRef = 39D76595219B079C003BA939 /* InfoPlist.strings */; };
		39D76599219B0E39003BA939 /* FolderTableViewCell.swift in Sources */ = {isa = PBXBuildFile; fileRef = 39D76598219B0E39003BA939 /* FolderTableViewCell.swift */; };
		39FCE167219700B900080A6D /* FolderTableViewController.swift in Sources */ = {isa = PBXBuildFile; fileRef = 39FCE166219700B800080A6D /* FolderTableViewController.swift */; };
		39FCE16921970C4A00080A6D /* NoteTableViewController.swift in Sources */ = {isa = PBXBuildFile; fileRef = 39FCE16821970C4A00080A6D /* NoteTableViewController.swift */; };
		39FCE16D2197343300080A6D /* FoldersTableViewCell.swift in Sources */ = {isa = PBXBuildFile; fileRef = 39FCE16C2197343300080A6D /* FoldersTableViewCell.swift */; };
		39FEE3912199895D007B38ED /* LocationManager.swift in Sources */ = {isa = PBXBuildFile; fileRef = 39FEE3902199895D007B38ED /* LocationManager.swift */; };
		39FEE393219998C5007B38ED /* NoteMapViewController.swift in Sources */ = {isa = PBXBuildFile; fileRef = 39FEE392219998C5007B38ED /* NoteMapViewController.swift */; };
/* End PBXBuildFile section */

/* Begin PBXFileReference section */
		392370AE2192214000E54F09 /* FoldersTableViewController.swift */ = {isa = PBXFileReference; lastKnownFileType = sourcecode.swift; path = FoldersTableViewController.swift; sourceTree = "<group>"; };
		3944B4BF2191EBE700341788 /* LocationNotes.app */ = {isa = PBXFileReference; explicitFileType = wrapper.application; includeInIndex = 0; path = LocationNotes.app; sourceTree = BUILT_PRODUCTS_DIR; };
		3944B4C22191EBE700341788 /* AppDelegate.swift */ = {isa = PBXFileReference; lastKnownFileType = sourcecode.swift; path = AppDelegate.swift; sourceTree = "<group>"; };
		3944B4C72191EBE700341788 /* Base */ = {isa = PBXFileReference; lastKnownFileType = file.storyboard; name = Base; path = Base.lproj/Main.storyboard; sourceTree = "<group>"; };
		3944B4CA2191EBE700341788 /* LocationNotes.xcdatamodel */ = {isa = PBXFileReference; lastKnownFileType = wrapper.xcdatamodel; path = LocationNotes.xcdatamodel; sourceTree = "<group>"; };
		3944B4CC2191EBE800341788 /* Assets.xcassets */ = {isa = PBXFileReference; lastKnownFileType = folder.assetcatalog; path = Assets.xcassets; sourceTree = "<group>"; };
		3944B4CF2191EBE800341788 /* Base */ = {isa = PBXFileReference; lastKnownFileType = file.storyboard; name = Base; path = Base.lproj/LaunchScreen.storyboard; sourceTree = "<group>"; };
		3944B4D12191EBE800341788 /* Info.plist */ = {isa = PBXFileReference; lastKnownFileType = text.plist.xml; path = Info.plist; sourceTree = "<group>"; };
		3944B5292191F1DA00341788 /* Location+CoreDataClass.swift */ = {isa = PBXFileReference; lastKnownFileType = sourcecode.swift; path = "Location+CoreDataClass.swift"; sourceTree = "<group>"; };
		3944B52A2191F1DA00341788 /* Location+CoreDataProperties.swift */ = {isa = PBXFileReference; lastKnownFileType = sourcecode.swift; path = "Location+CoreDataProperties.swift"; sourceTree = "<group>"; };
		3944B52B2191F1DA00341788 /* Folder+CoreDataClass.swift */ = {isa = PBXFileReference; lastKnownFileType = sourcecode.swift; path = "Folder+CoreDataClass.swift"; sourceTree = "<group>"; };
		3944B52C2191F1DA00341788 /* Folder+CoreDataProperties.swift */ = {isa = PBXFileReference; lastKnownFileType = sourcecode.swift; path = "Folder+CoreDataProperties.swift"; sourceTree = "<group>"; };
		3944B52D2191F1DA00341788 /* ImageNote+CoreDataClass.swift */ = {isa = PBXFileReference; lastKnownFileType = sourcecode.swift; path = "ImageNote+CoreDataClass.swift"; sourceTree = "<group>"; };
		3944B52E2191F1DA00341788 /* ImageNote+CoreDataProperties.swift */ = {isa = PBXFileReference; lastKnownFileType = sourcecode.swift; path = "ImageNote+CoreDataProperties.swift"; sourceTree = "<group>"; };
		3944B52F2191F1DA00341788 /* Note+CoreDataClass.swift */ = {isa = PBXFileReference; lastKnownFileType = sourcecode.swift; path = "Note+CoreDataClass.swift"; sourceTree = "<group>"; };
		3944B5302191F1DA00341788 /* Note+CoreDataProperties.swift */ = {isa = PBXFileReference; lastKnownFileType = sourcecode.swift; path = "Note+CoreDataProperties.swift"; sourceTree = "<group>"; };
		3944B53A2191F24000341788 /* CoreDataManager.swift */ = {isa = PBXFileReference; lastKnownFileType = sourcecode.swift; path = CoreDataManager.swift; sourceTree = "<group>"; };
		39943050219855DE00260F49 /* SelectFolderTableViewController.swift */ = {isa = PBXFileReference; lastKnownFileType = sourcecode.swift; path = SelectFolderTableViewController.swift; sourceTree = "<group>"; };
		39BC02D22199D755000D471C /* MapViewController.swift */ = {isa = PBXFileReference; lastKnownFileType = sourcecode.swift; path = MapViewController.swift; sourceTree = "<group>"; };
		39D7658A219AFCDB003BA939 /* ru */ = {isa = PBXFileReference; lastKnownFileType = text.plist.strings; name = ru; path = ru.lproj/Main.strings; sourceTree = "<group>"; };
		39D7658B219AFCDB003BA939 /* ru */ = {isa = PBXFileReference; lastKnownFileType = text.plist.strings; name = ru; path = ru.lproj/LaunchScreen.strings; sourceTree = "<group>"; };
		39D7658F219B00FF003BA939 /* ru */ = {isa = PBXFileReference; lastKnownFileType = text.plist.strings; name = ru; path = ru.lproj/Localizable.strings; sourceTree = "<group>"; };
		39D76591219B01F3003BA939 /* LocalizationManager.swift */ = {isa = PBXFileReference; lastKnownFileType = sourcecode.swift; path = LocalizationManager.swift; sourceTree = "<group>"; };
		39D76596219B079C003BA939 /* ru */ = {isa = PBXFileReference; lastKnownFileType = text.plist.strings; name = ru; path = LocationNotes/ru.lproj/InfoPlist.strings; sourceTree = "<group>"; };
		39D76598219B0E39003BA939 /* FolderTableViewCell.swift */ = {isa = PBXFileReference; lastKnownFileType = sourcecode.swift; path = FolderTableViewCell.swift; sourceTree = "<group>"; };
		39FCE166219700B800080A6D /* FolderTableViewController.swift */ = {isa = PBXFileReference; lastKnownFileType = sourcecode.swift; path = FolderTableViewController.swift; sourceTree = "<group>"; };
		39FCE16821970C4A00080A6D /* NoteTableViewController.swift */ = {isa = PBXFileReference; lastKnownFileType = sourcecode.swift; path = NoteTableViewController.swift; sourceTree = "<group>"; };
		39FCE16C2197343300080A6D /* FoldersTableViewCell.swift */ = {isa = PBXFileReference; lastKnownFileType = sourcecode.swift; path = FoldersTableViewCell.swift; sourceTree = "<group>"; };
		39FEE3902199895D007B38ED /* LocationManager.swift */ = {isa = PBXFileReference; lastKnownFileType = sourcecode.swift; path = LocationManager.swift; sourceTree = "<group>"; };
		39FEE392219998C5007B38ED /* NoteMapViewController.swift */ = {isa = PBXFileReference; lastKnownFileType = sourcecode.swift; path = NoteMapViewController.swift; sourceTree = "<group>"; };
/* End PBXFileReference section */

/* Begin PBXFrameworksBuildPhase section */
		3944B4BC2191EBE700341788 /* Frameworks */ = {
			isa = PBXFrameworksBuildPhase;
			buildActionMask = 2147483647;
			files = (
			);
			runOnlyForDeploymentPostprocessing = 0;
		};
/* End PBXFrameworksBuildPhase section */

/* Begin PBXGroup section */
		3944B4B62191EBE700341788 = {
			isa = PBXGroup;
			children = (
				3944B4C12191EBE700341788 /* LocationNotes */,
				3944B4C02191EBE700341788 /* Products */,
			);
			sourceTree = "<group>";
		};
		3944B4C02191EBE700341788 /* Products */ = {
			isa = PBXGroup;
			children = (
				3944B4BF2191EBE700341788 /* LocationNotes.app */,
			);
			name = Products;
			sourceTree = "<group>";
		};
		3944B4C12191EBE700341788 /* LocationNotes */ = {
			isa = PBXGroup;
			children = (
				3944B5392191F1EE00341788 /* Model */,
				3944B4C22191EBE700341788 /* AppDelegate.swift */,
				392370AE2192214000E54F09 /* FoldersTableViewController.swift */,
				39FCE16C2197343300080A6D /* FoldersTableViewCell.swift */,
				39FCE166219700B800080A6D /* FolderTableViewController.swift */,
				39D76598219B0E39003BA939 /* FolderTableViewCell.swift */,
				39FCE16821970C4A00080A6D /* NoteTableViewController.swift */,
				39943050219855DE00260F49 /* SelectFolderTableViewController.swift */,
				39FEE392219998C5007B38ED /* NoteMapViewController.swift */,
				39BC02D22199D755000D471C /* MapViewController.swift */,
				3944B4C62191EBE700341788 /* Main.storyboard */,
				3944B4CC2191EBE800341788 /* Assets.xcassets */,
				3944B4CE2191EBE800341788 /* LaunchScreen.storyboard */,
				3944B4D12191EBE800341788 /* Info.plist */,
				39D7658E219B00FF003BA939 /* Localizable.strings */,
				39D76595219B079C003BA939 /* InfoPlist.strings */,
			);
			path = LocationNotes;
			sourceTree = "<group>";
		};
		3944B5392191F1EE00341788 /* Model */ = {
			isa = PBXGroup;
			children = (
				39FEE3902199895D007B38ED /* LocationManager.swift */,
				39D76591219B01F3003BA939 /* LocalizationManager.swift */,
				39FEE38F2199893A007B38ED /* CoreData */,
			);
			path = Model;
			sourceTree = "<group>";
		};
		39FEE38F2199893A007B38ED /* CoreData */ = {
			isa = PBXGroup;
			children = (
				3944B4C92191EBE700341788 /* LocationNotes.xcdatamodeld */,
				3944B53A2191F24000341788 /* CoreDataManager.swift */,
				3944B52B2191F1DA00341788 /* Folder+CoreDataClass.swift */,
				3944B52C2191F1DA00341788 /* Folder+CoreDataProperties.swift */,
				3944B52F2191F1DA00341788 /* Note+CoreDataClass.swift */,
				3944B5302191F1DA00341788 /* Note+CoreDataProperties.swift */,
				3944B5292191F1DA00341788 /* Location+CoreDataClass.swift */,
				3944B52A2191F1DA00341788 /* Location+CoreDataProperties.swift */,
				3944B52D2191F1DA00341788 /* ImageNote+CoreDataClass.swift */,
				3944B52E2191F1DA00341788 /* ImageNote+CoreDataProperties.swift */,
			);
			path = CoreData;
			sourceTree = "<group>";
		};
/* End PBXGroup section */

/* Begin PBXNativeTarget section */
		3944B4BE2191EBE700341788 /* LocationNotes */ = {
			isa = PBXNativeTarget;
			buildConfigurationList = 3944B4D42191EBE800341788 /* Build configuration list for PBXNativeTarget "LocationNotes" */;
			buildPhases = (
				3944B4BB2191EBE700341788 /* Sources */,
				3944B4BC2191EBE700341788 /* Frameworks */,
				3944B4BD2191EBE700341788 /* Resources */,
			);
			buildRules = (
			);
			dependencies = (
			);
			name = LocationNotes;
			productName = LocationNotes;
			productReference = 3944B4BF2191EBE700341788 /* LocationNotes.app */;
			productType = "com.apple.product-type.application";
		};
/* End PBXNativeTarget section */

/* Begin PBXProject section */
		3944B4B72191EBE700341788 /* Project object */ = {
			isa = PBXProject;
			attributes = {
				LastSwiftUpdateCheck = 1010;
				LastUpgradeCheck = 1010;
				ORGANIZATIONNAME = "Timur Saidov";
				TargetAttributes = {
					3944B4BE2191EBE700341788 = {
						CreatedOnToolsVersion = 10.1;
					};
				};
			};
			buildConfigurationList = 3944B4BA2191EBE700341788 /* Build configuration list for PBXProject "LocationNotes" */;
			compatibilityVersion = "Xcode 9.3";
			developmentRegion = en;
			hasScannedForEncodings = 0;
			knownRegions = (
				en,
				Base,
				ru,
			);
			mainGroup = 3944B4B62191EBE700341788;
			productRefGroup = 3944B4C02191EBE700341788 /* Products */;
			projectDirPath = "";
			projectRoot = "";
			targets = (
				3944B4BE2191EBE700341788 /* LocationNotes */,
			);
		};
/* End PBXProject section */

/* Begin PBXResourcesBuildPhase section */
		3944B4BD2191EBE700341788 /* Resources */ = {
			isa = PBXResourcesBuildPhase;
			buildActionMask = 2147483647;
			files = (
				39D76590219B00FF003BA939 /* Localizable.strings in Resources */,
				3944B4D02191EBE800341788 /* LaunchScreen.storyboard in Resources */,
				3944B4CD2191EBE800341788 /* Assets.xcassets in Resources */,
				3944B4C82191EBE700341788 /* Main.storyboard in Resources */,
				39D76597219B079C003BA939 /* InfoPlist.strings in Resources */,
			);
			runOnlyForDeploymentPostprocessing = 0;
		};
/* End PBXResourcesBuildPhase section */

/* Begin PBXSourcesBuildPhase section */
		3944B4BB2191EBE700341788 /* Sources */ = {
			isa = PBXSourcesBuildPhase;
			buildActionMask = 2147483647;
			files = (
				39D76592219B01F3003BA939 /* LocalizationManager.swift in Sources */,
				3944B5382191F1DA00341788 /* Note+CoreDataProperties.swift in Sources */,
				39FEE3912199895D007B38ED /* LocationManager.swift in Sources */,
				39FCE167219700B900080A6D /* FolderTableViewController.swift in Sources */,
				3944B5312191F1DA00341788 /* Location+CoreDataClass.swift in Sources */,
				39D76599219B0E39003BA939 /* FolderTableViewCell.swift in Sources */,
				39943051219855DE00260F49 /* SelectFolderTableViewController.swift in Sources */,
				3944B5342191F1DA00341788 /* Folder+CoreDataProperties.swift in Sources */,
				3944B5362191F1DA00341788 /* ImageNote+CoreDataProperties.swift in Sources */,
				39BC02D32199D755000D471C /* MapViewController.swift in Sources */,
				39FCE16D2197343300080A6D /* FoldersTableViewCell.swift in Sources */,
				3944B4C32191EBE700341788 /* AppDelegate.swift in Sources */,
				39FEE393219998C5007B38ED /* NoteMapViewController.swift in Sources */,
				3944B53B2191F24000341788 /* CoreDataManager.swift in Sources */,
				39FCE16921970C4A00080A6D /* NoteTableViewController.swift in Sources */,
				392370AF2192214000E54F09 /* FoldersTableViewController.swift in Sources */,
				3944B4CB2191EBE700341788 /* LocationNotes.xcdatamodeld in Sources */,
				3944B5352191F1DA00341788 /* ImageNote+CoreDataClass.swift in Sources */,
				3944B5372191F1DA00341788 /* Note+CoreDataClass.swift in Sources */,
				3944B5322191F1DA00341788 /* Location+CoreDataProperties.swift in Sources */,
				3944B5332191F1DA00341788 /* Folder+CoreDataClass.swift in Sources */,
			);
			runOnlyForDeploymentPostprocessing = 0;
		};
/* End PBXSourcesBuildPhase section */

/* Begin PBXVariantGroup section */
		3944B4C62191EBE700341788 /* Main.storyboard */ = {
			isa = PBXVariantGroup;
			children = (
				3944B4C72191EBE700341788 /* Base */,
				39D7658A219AFCDB003BA939 /* ru */,
			);
			name = Main.storyboard;
			sourceTree = "<group>";
		};
		3944B4CE2191EBE800341788 /* LaunchScreen.storyboard */ = {
			isa = PBXVariantGroup;
			children = (
				3944B4CF2191EBE800341788 /* Base */,
				39D7658B219AFCDB003BA939 /* ru */,
			);
			name = LaunchScreen.storyboard;
			sourceTree = "<group>";
		};
		39D7658E219B00FF003BA939 /* Localizable.strings */ = {
			isa = PBXVariantGroup;
			children = (
				39D7658F219B00FF003BA939 /* ru */,
			);
			name = Localizable.strings;
			sourceTree = "<group>";
		};
		39D76595219B079C003BA939 /* InfoPlist.strings */ = {
			isa = PBXVariantGroup;
			children = (
				39D76596219B079C003BA939 /* ru */,
			);
			name = InfoPlist.strings;
			sourceTree = "<group>";
		};
/* End PBXVariantGroup section */

/* Begin XCBuildConfiguration section */
		3944B4D22191EBE800341788 /* Debug */ = {
			isa = XCBuildConfiguration;
			buildSettings = {
				ALWAYS_SEARCH_USER_PATHS = NO;
				CLANG_ANALYZER_LOCALIZABILITY_NONLOCALIZED = YES;
				CLANG_ANALYZER_NONNULL = YES;
				CLANG_ANALYZER_NUMBER_OBJECT_CONVERSION = YES_AGGRESSIVE;
				CLANG_CXX_LANGUAGE_STANDARD = "gnu++14";
				CLANG_CXX_LIBRARY = "libc++";
				CLANG_ENABLE_MODULES = YES;
				CLANG_ENABLE_OBJC_ARC = YES;
				CLANG_ENABLE_OBJC_WEAK = YES;
				CLANG_WARN_BLOCK_CAPTURE_AUTORELEASING = YES;
				CLANG_WARN_BOOL_CONVERSION = YES;
				CLANG_WARN_COMMA = YES;
				CLANG_WARN_CONSTANT_CONVERSION = YES;
				CLANG_WARN_DEPRECATED_OBJC_IMPLEMENTATIONS = YES;
				CLANG_WARN_DIRECT_OBJC_ISA_USAGE = YES_ERROR;
				CLANG_WARN_DOCUMENTATION_COMMENTS = YES;
				CLANG_WARN_EMPTY_BODY = YES;
				CLANG_WARN_ENUM_CONVERSION = YES;
				CLANG_WARN_INFINITE_RECURSION = YES;
				CLANG_WARN_INT_CONVERSION = YES;
				CLANG_WARN_NON_LITERAL_NULL_CONVERSION = YES;
				CLANG_WARN_OBJC_IMPLICIT_RETAIN_SELF = YES;
				CLANG_WARN_OBJC_LITERAL_CONVERSION = YES;
				CLANG_WARN_OBJC_ROOT_CLASS = YES_ERROR;
				CLANG_WARN_RANGE_LOOP_ANALYSIS = YES;
				CLANG_WARN_STRICT_PROTOTYPES = YES;
				CLANG_WARN_SUSPICIOUS_MOVE = YES;
				CLANG_WARN_UNGUARDED_AVAILABILITY = YES_AGGRESSIVE;
				CLANG_WARN_UNREACHABLE_CODE = YES;
				CLANG_WARN__DUPLICATE_METHOD_MATCH = YES;
				CODE_SIGN_IDENTITY = "iPhone Developer";
				COPY_PHASE_STRIP = NO;
				DEBUG_INFORMATION_FORMAT = dwarf;
				ENABLE_STRICT_OBJC_MSGSEND = YES;
				ENABLE_TESTABILITY = YES;
				GCC_C_LANGUAGE_STANDARD = gnu11;
				GCC_DYNAMIC_NO_PIC = NO;
				GCC_NO_COMMON_BLOCKS = YES;
				GCC_OPTIMIZATION_LEVEL = 0;
				GCC_PREPROCESSOR_DEFINITIONS = (
					"DEBUG=1",
					"$(inherited)",
				);
				GCC_WARN_64_TO_32_BIT_CONVERSION = YES;
				GCC_WARN_ABOUT_RETURN_TYPE = YES_ERROR;
				GCC_WARN_UNDECLARED_SELECTOR = YES;
				GCC_WARN_UNINITIALIZED_AUTOS = YES_AGGRESSIVE;
				GCC_WARN_UNUSED_FUNCTION = YES;
				GCC_WARN_UNUSED_VARIABLE = YES;
				IPHONEOS_DEPLOYMENT_TARGET = 12.1;
				MTL_ENABLE_DEBUG_INFO = INCLUDE_SOURCE;
				MTL_FAST_MATH = YES;
				ONLY_ACTIVE_ARCH = YES;
				SDKROOT = iphoneos;
				SWIFT_ACTIVE_COMPILATION_CONDITIONS = DEBUG;
				SWIFT_OPTIMIZATION_LEVEL = "-Onone";
			};
			name = Debug;
		};
		3944B4D32191EBE800341788 /* Release */ = {
			isa = XCBuildConfiguration;
			buildSettings = {
				ALWAYS_SEARCH_USER_PATHS = NO;
				CLANG_ANALYZER_LOCALIZABILITY_NONLOCALIZED = YES;
				CLANG_ANALYZER_NONNULL = YES;
				CLANG_ANALYZER_NUMBER_OBJECT_CONVERSION = YES_AGGRESSIVE;
				CLANG_CXX_LANGUAGE_STANDARD = "gnu++14";
				CLANG_CXX_LIBRARY = "libc++";
				CLANG_ENABLE_MODULES = YES;
				CLANG_ENABLE_OBJC_ARC = YES;
				CLANG_ENABLE_OBJC_WEAK = YES;
				CLANG_WARN_BLOCK_CAPTURE_AUTORELEASING = YES;
				CLANG_WARN_BOOL_CONVERSION = YES;
				CLANG_WARN_COMMA = YES;
				CLANG_WARN_CONSTANT_CONVERSION = YES;
				CLANG_WARN_DEPRECATED_OBJC_IMPLEMENTATIONS = YES;
				CLANG_WARN_DIRECT_OBJC_ISA_USAGE = YES_ERROR;
				CLANG_WARN_DOCUMENTATION_COMMENTS = YES;
				CLANG_WARN_EMPTY_BODY = YES;
				CLANG_WARN_ENUM_CONVERSION = YES;
				CLANG_WARN_INFINITE_RECURSION = YES;
				CLANG_WARN_INT_CONVERSION = YES;
				CLANG_WARN_NON_LITERAL_NULL_CONVERSION = YES;
				CLANG_WARN_OBJC_IMPLICIT_RETAIN_SELF = YES;
				CLANG_WARN_OBJC_LITERAL_CONVERSION = YES;
				CLANG_WARN_OBJC_ROOT_CLASS = YES_ERROR;
				CLANG_WARN_RANGE_LOOP_ANALYSIS = YES;
				CLANG_WARN_STRICT_PROTOTYPES = YES;
				CLANG_WARN_SUSPICIOUS_MOVE = YES;
				CLANG_WARN_UNGUARDED_AVAILABILITY = YES_AGGRESSIVE;
				CLANG_WARN_UNREACHABLE_CODE = YES;
				CLANG_WARN__DUPLICATE_METHOD_MATCH = YES;
				CODE_SIGN_IDENTITY = "iPhone Developer";
				COPY_PHASE_STRIP = NO;
				DEBUG_INFORMATION_FORMAT = "dwarf-with-dsym";
				ENABLE_NS_ASSERTIONS = NO;
				ENABLE_STRICT_OBJC_MSGSEND = YES;
				GCC_C_LANGUAGE_STANDARD = gnu11;
				GCC_NO_COMMON_BLOCKS = YES;
				GCC_WARN_64_TO_32_BIT_CONVERSION = YES;
				GCC_WARN_ABOUT_RETURN_TYPE = YES_ERROR;
				GCC_WARN_UNDECLARED_SELECTOR = YES;
				GCC_WARN_UNINITIALIZED_AUTOS = YES_AGGRESSIVE;
				GCC_WARN_UNUSED_FUNCTION = YES;
				GCC_WARN_UNUSED_VARIABLE = YES;
				IPHONEOS_DEPLOYMENT_TARGET = 12.1;
				MTL_ENABLE_DEBUG_INFO = NO;
				MTL_FAST_MATH = YES;
				SDKROOT = iphoneos;
				SWIFT_COMPILATION_MODE = wholemodule;
				SWIFT_OPTIMIZATION_LEVEL = "-O";
				VALIDATE_PRODUCT = YES;
			};
			name = Release;
		};
		3944B4D52191EBE800341788 /* Debug */ = {
			isa = XCBuildConfiguration;
			buildSettings = {
				ASSETCATALOG_COMPILER_APPICON_NAME = AppIcon;
				CODE_SIGN_STYLE = Automatic;
				DEVELOPMENT_TEAM = 3W84AJ77MA;
				INFOPLIST_FILE = LocationNotes/Info.plist;
				LD_RUNPATH_SEARCH_PATHS = (
					"$(inherited)",
					"@executable_path/Frameworks",
				);
				PRODUCT_BUNDLE_IDENTIFIER = TimurSaidov.LocationNotes;
				PRODUCT_NAME = "$(TARGET_NAME)";
				SWIFT_VERSION = 4.2;
				TARGETED_DEVICE_FAMILY = "1,2";
			};
			name = Debug;
		};
		3944B4D62191EBE800341788 /* Release */ = {
			isa = XCBuildConfiguration;
			buildSettings = {
				ASSETCATALOG_COMPILER_APPICON_NAME = AppIcon;
				CODE_SIGN_STYLE = Automatic;
				DEVELOPMENT_TEAM = 3W84AJ77MA;
				INFOPLIST_FILE = LocationNotes/Info.plist;
				LD_RUNPATH_SEARCH_PATHS = (
					"$(inherited)",
					"@executable_path/Frameworks",
				);
				PRODUCT_BUNDLE_IDENTIFIER = TimurSaidov.LocationNotes;
				PRODUCT_NAME = "$(TARGET_NAME)";
				SWIFT_VERSION = 4.2;
				TARGETED_DEVICE_FAMILY = "1,2";
			};
			name = Release;
		};
/* End XCBuildConfiguration section */

/* Begin XCConfigurationList section */
		3944B4BA2191EBE700341788 /* Build configuration list for PBXProject "LocationNotes" */ = {
			isa = XCConfigurationList;
			buildConfigurations = (
				3944B4D22191EBE800341788 /* Debug */,
				3944B4D32191EBE800341788 /* Release */,
			);
			defaultConfigurationIsVisible = 0;
			defaultConfigurationName = Release;
		};
		3944B4D42191EBE800341788 /* Build configuration list for PBXNativeTarget "LocationNotes" */ = {
			isa = XCConfigurationList;
			buildConfigurations = (
				3944B4D52191EBE800341788 /* Debug */,
				3944B4D62191EBE800341788 /* Release */,
			);
			defaultConfigurationIsVisible = 0;
			defaultConfigurationName = Release;
		};
/* End XCConfigurationList section */

/* Begin XCVersionGroup section */
		3944B4C92191EBE700341788 /* LocationNotes.xcdatamodeld */ = {
			isa = XCVersionGroup;
			children = (
				3944B4CA2191EBE700341788 /* LocationNotes.xcdatamodel */,
			);
			currentVersion = 3944B4CA2191EBE700341788 /* LocationNotes.xcdatamodel */;
			path = LocationNotes.xcdatamodeld;
			sourceTree = "<group>";
			versionGroupType = wrapper.xcdatamodel;
		};
/* End XCVersionGroup section */
	};
	rootObject = 3944B4B72191EBE700341788 /* Project object */;
}
